
Microsoft Visual Studio Solution File, Format Version 11.00
# Visual Studio 2010
Project("{FAE04EC0-301F-11D3-BF4B-00C04F79EFBC}") = "Assembly-CSharp", "Assembly-CSharp.csproj", "{DA02E928-15FF-B646-1EBF-0E4DB9657706}"
EndProject
Project("{FAE04EC0-301F-11D3-BF4B-00C04F79EFBC}") = "Assembly-CSharp-Editor", "Assembly-CSharp-Editor.csproj", "{EC26DD2A-440E-7DBB-ABC9-1B9B89E84E54}"
EndProject
Global
	GlobalSection(SolutionConfigurationPlatforms) = preSolution
		Debug|Any CPU = Debug|Any CPU
		Release|Any CPU = Release|Any CPU
	EndGlobalSection
	GlobalSection(ProjectConfigurationPlatforms) = postSolution
		{DA02E928-15FF-B646-1EBF-0E4DB9657706}.Debug|Any CPU.ActiveCfg = Debug|Any CPU
		{DA02E928-15FF-B646-1EBF-0E4DB9657706}.Debug|Any CPU.Build.0 = Debug|Any CPU
		{DA02E928-15FF-B646-1EBF-0E4DB9657706}.Release|Any CPU.ActiveCfg = Release|Any CPU
		{DA02E928-15FF-B646-1EBF-0E4DB9657706}.Release|Any CPU.Build.0 = Release|Any CPU
		{EC26DD2A-440E-7DBB-ABC9-1B9B89E84E54}.Debug|Any CPU.ActiveCfg = Debug|Any CPU
		{EC26DD2A-440E-7DBB-ABC9-1B9B89E84E54}.Debug|Any CPU.Build.0 = Debug|Any CPU
		{EC26DD2A-440E-7DBB-ABC9-1B9B89E84E54}.Release|Any CPU.ActiveCfg = Release|Any CPU
		{EC26DD2A-440E-7DBB-ABC9-1B9B89E84E54}.Release|Any CPU.Build.0 = Release|Any CPU
	EndGlobalSection
	GlobalSection(SolutionProperties) = preSolution
		HideSolutionNode = FALSE
	EndGlobalSection
EndGlobal
